
Microsoft Visual Studio Solution File, Format Version 12.00
# Visual Studio Version 16
VisualStudioVersion = 16.0.31702.278
MinimumVisualStudioVersion = 10.0.40219.1
Project("{FAE04EC0-301F-11D3-BF4B-00C04F79EFBC}") = "Calcularor", "Calcularor\Calcularor.csproj", "{AF245BA9-2EA2-47A4-9A4F-78F122A18E7E}"
EndProject
Global
	GlobalSection(SolutionConfigurationPlatforms) = preSolution
		Debug|Any CPU = Debug|Any CPU
		Release|Any CPU = Release|Any CPU
	EndGlobalSection
	GlobalSection(ProjectConfigurationPlatforms) = postSolution
		{AF245BA9-2EA2-47A4-9A4F-78F122A18E7E}.Debug|Any CPU.ActiveCfg = Debug|Any CPU
		{AF245BA9-2EA2-47A4-9A4F-78F122A18E7E}.Debug|Any CPU.Build.0 = Debug|Any CPU
		{AF245BA9-2EA2-47A4-9A4F-78F122A18E7E}.Release|Any CPU.ActiveCfg = Release|Any CPU
		{AF245BA9-2EA2-47A4-9A4F-78F122A18E7E}.Release|Any CPU.Build.0 = Release|Any CPU
	EndGlobalSection
	GlobalSection(SolutionProperties) = preSolution
		HideSolutionNode = FALSE
	EndGlobalSection
	GlobalSection(ExtensibilityGlobals) = postSolution
		SolutionGuid = {CF2C5E9C-8E86-48B1-9B88-5A512878EC96}
	EndGlobalSection
EndGlobal
